// !$*UTF8*$!
{
	archiveVersion = 1;
	classes = {
	};
	objectVersion = 50;
	objects = {

/* Begin PBXBuildFile section */
		AB2E934420A18ECC004835A8 /* AppDelegate.swift in Sources */ = {isa = PBXBuildFile; fileRef = AB2E934320A18ECC004835A8 /* AppDelegate.swift */; };
		AB2E934620A18ECC004835A8 /* ViewController.swift in Sources */ = {isa = PBXBuildFile; fileRef = AB2E934520A18ECC004835A8 /* ViewController.swift */; };
		AB2E934920A18ECC004835A8 /* Main.storyboard in Resources */ = {isa = PBXBuildFile; fileRef = AB2E934720A18ECC004835A8 /* Main.storyboard */; };
		AB2E934B20A18ED0004835A8 /* Assets.xcassets in Resources */ = {isa = PBXBuildFile; fileRef = AB2E934A20A18ED0004835A8 /* Assets.xcassets */; };
		AB2E934E20A18ED0004835A8 /* LaunchScreen.storyboard in Resources */ = {isa = PBXBuildFile; fileRef = AB2E934C20A18ED0004835A8 /* LaunchScreen.storyboard */; };
		AB2E935620A190DE004835A8 /* ProfileViewController.swift in Sources */ = {isa = PBXBuildFile; fileRef = AB2E935520A190DE004835A8 /* ProfileViewController.swift */; };
		AB2E935820A1926A004835A8 /* kellie_profile.jpg in Resources */ = {isa = PBXBuildFile; fileRef = AB2E935720A1926A004835A8 /* kellie_profile.jpg */; };
		AB2E935E20A21989004835A8 /* djmonkey icon.jpg in Resources */ = {isa = PBXBuildFile; fileRef = AB2E935D20A21989004835A8 /* djmonkey icon.jpg */; };
		AB2E936120A2CBB4004835A8 /* SpotifyAuthentication.framework in Frameworks */ = {isa = PBXBuildFile; fileRef = AB2E936020A2CBB4004835A8 /* SpotifyAuthentication.framework */; };
		AB38273120B8F3670006DA8C /* settings.png in Resources */ = {isa = PBXBuildFile; fileRef = AB38273020B8F3660006DA8C /* settings.png */; };
		AB38273520B900E30006DA8C /* NavExtension.swift in Sources */ = {isa = PBXBuildFile; fileRef = AB38273420B900E30006DA8C /* NavExtension.swift */; };
		AB38273720B908680006DA8C /* settings80.png in Resources */ = {isa = PBXBuildFile; fileRef = AB38273620B908680006DA8C /* settings80.png */; };
		AB38273920B909DB0006DA8C /* settings_transparent.png in Resources */ = {isa = PBXBuildFile; fileRef = AB38273820B909DB0006DA8C /* settings_transparent.png */; };
		AB38273B20B90E8E0006DA8C /* ImageViewExtension.swift in Sources */ = {isa = PBXBuildFile; fileRef = AB38273A20B90E8E0006DA8C /* ImageViewExtension.swift */; };
		AB38273F20B9142F0006DA8C /* profile_transparent.png in Resources */ = {isa = PBXBuildFile; fileRef = AB38273D20B9142F0006DA8C /* profile_transparent.png */; };
		AB38274020B9142F0006DA8C /* profile80.png in Resources */ = {isa = PBXBuildFile; fileRef = AB38273E20B9142F0006DA8C /* profile80.png */; };
		AB38274220B917610006DA8C /* home_transparent.png in Resources */ = {isa = PBXBuildFile; fileRef = AB38274120B917610006DA8C /* home_transparent.png */; };
		AB38274420B919E30006DA8C /* chat_transparent_large.png in Resources */ = {isa = PBXBuildFile; fileRef = AB38274320B919E20006DA8C /* chat_transparent_large.png */; };
		AB38274620B91AF60006DA8C /* chat_transparent.png in Resources */ = {isa = PBXBuildFile; fileRef = AB38274520B91AF60006DA8C /* chat_transparent.png */; };
		AB77E96A20AFFE2100F4968A /* circular-medium.otf in Resources */ = {isa = PBXBuildFile; fileRef = AB77E96220AFFE1E00F4968A /* circular-medium.otf */; };
		AB77E96B20AFFE2100F4968A /* circular-book.otf in Resources */ = {isa = PBXBuildFile; fileRef = AB77E96320AFFE1F00F4968A /* circular-book.otf */; };
		AB77E96C20AFFE2100F4968A /* circular-medium-italic.otf in Resources */ = {isa = PBXBuildFile; fileRef = AB77E96420AFFE1F00F4968A /* circular-medium-italic.otf */; };
		AB77E96D20AFFE2100F4968A /* circular-book-italic.otf in Resources */ = {isa = PBXBuildFile; fileRef = AB77E96520AFFE2000F4968A /* circular-book-italic.otf */; };
		AB77E96E20AFFE2100F4968A /* circular-black.otf in Resources */ = {isa = PBXBuildFile; fileRef = AB77E96620AFFE2000F4968A /* circular-black.otf */; };
		AB77E96F20AFFE2100F4968A /* circular-bold-italic.otf in Resources */ = {isa = PBXBuildFile; fileRef = AB77E96720AFFE2000F4968A /* circular-bold-italic.otf */; };
		AB77E97020AFFE2100F4968A /* circular-black-italic.otf in Resources */ = {isa = PBXBuildFile; fileRef = AB77E96820AFFE2000F4968A /* circular-black-italic.otf */; };
		AB77E97120AFFE2100F4968A /* circular-bold.otf in Resources */ = {isa = PBXBuildFile; fileRef = AB77E96920AFFE2100F4968A /* circular-bold.otf */; };
/* End PBXBuildFile section */

/* Begin PBXFileReference section */
		AB2E934020A18ECC004835A8 /* FinalProject.app */ = {isa = PBXFileReference; explicitFileType = wrapper.application; includeInIndex = 0; path = FinalProject.app; sourceTree = BUILT_PRODUCTS_DIR; };
		AB2E934320A18ECC004835A8 /* AppDelegate.swift */ = {isa = PBXFileReference; lastKnownFileType = sourcecode.swift; path = AppDelegate.swift; sourceTree = "<group>"; };
		AB2E934520A18ECC004835A8 /* ViewController.swift */ = {isa = PBXFileReference; lastKnownFileType = sourcecode.swift; path = ViewController.swift; sourceTree = "<group>"; };
		AB2E934820A18ECC004835A8 /* Base */ = {isa = PBXFileReference; lastKnownFileType = file.storyboard; name = Base; path = Base.lproj/Main.storyboard; sourceTree = "<group>"; };
		AB2E934A20A18ED0004835A8 /* Assets.xcassets */ = {isa = PBXFileReference; lastKnownFileType = folder.assetcatalog; path = Assets.xcassets; sourceTree = "<group>"; };
		AB2E934D20A18ED0004835A8 /* Base */ = {isa = PBXFileReference; lastKnownFileType = file.storyboard; name = Base; path = Base.lproj/LaunchScreen.storyboard; sourceTree = "<group>"; };
		AB2E934F20A18ED0004835A8 /* Info.plist */ = {isa = PBXFileReference; lastKnownFileType = text.plist.xml; path = Info.plist; sourceTree = "<group>"; };
		AB2E935520A190DE004835A8 /* ProfileViewController.swift */ = {isa = PBXFileReference; lastKnownFileType = sourcecode.swift; path = ProfileViewController.swift; sourceTree = "<group>"; };
		AB2E935720A1926A004835A8 /* kellie_profile.jpg */ = {isa = PBXFileReference; lastKnownFileType = image.jpeg; path = kellie_profile.jpg; sourceTree = "<group>"; };
		AB2E935D20A21989004835A8 /* djmonkey icon.jpg */ = {isa = PBXFileReference; lastKnownFileType = image.jpeg; path = "djmonkey icon.jpg"; sourceTree = "<group>"; };
		AB2E936020A2CBB4004835A8 /* SpotifyAuthentication.framework */ = {isa = PBXFileReference; lastKnownFileType = wrapper.framework; path = SpotifyAuthentication.framework; sourceTree = "<group>"; };
		AB38273020B8F3660006DA8C /* settings.png */ = {isa = PBXFileReference; lastKnownFileType = image.png; path = settings.png; sourceTree = "<group>"; };
		AB38273420B900E30006DA8C /* NavExtension.swift */ = {isa = PBXFileReference; lastKnownFileType = sourcecode.swift; path = NavExtension.swift; sourceTree = "<group>"; };
		AB38273620B908680006DA8C /* settings80.png */ = {isa = PBXFileReference; lastKnownFileType = image.png; path = settings80.png; sourceTree = "<group>"; };
		AB38273820B909DB0006DA8C /* settings_transparent.png */ = {isa = PBXFileReference; lastKnownFileType = image.png; path = settings_transparent.png; sourceTree = "<group>"; };
		AB38273A20B90E8E0006DA8C /* ImageViewExtension.swift */ = {isa = PBXFileReference; lastKnownFileType = sourcecode.swift; path = ImageViewExtension.swift; sourceTree = "<group>"; };
		AB38273D20B9142F0006DA8C /* profile_transparent.png */ = {isa = PBXFileReference; lastKnownFileType = image.png; path = profile_transparent.png; sourceTree = "<group>"; };
		AB38273E20B9142F0006DA8C /* profile80.png */ = {isa = PBXFileReference; lastKnownFileType = image.png; path = profile80.png; sourceTree = "<group>"; };
		AB38274120B917610006DA8C /* home_transparent.png */ = {isa = PBXFileReference; lastKnownFileType = image.png; path = home_transparent.png; sourceTree = "<group>"; };
		AB38274320B919E20006DA8C /* chat_transparent_large.png */ = {isa = PBXFileReference; lastKnownFileType = image.png; path = chat_transparent_large.png; sourceTree = "<group>"; };
		AB38274520B91AF60006DA8C /* chat_transparent.png */ = {isa = PBXFileReference; lastKnownFileType = image.png; path = chat_transparent.png; sourceTree = "<group>"; };
		AB77E96220AFFE1E00F4968A /* circular-medium.otf */ = {isa = PBXFileReference; lastKnownFileType = file; path = "circular-medium.otf"; sourceTree = "<group>"; };
		AB77E96320AFFE1F00F4968A /* circular-book.otf */ = {isa = PBXFileReference; lastKnownFileType = file; path = "circular-book.otf"; sourceTree = "<group>"; };
		AB77E96420AFFE1F00F4968A /* circular-medium-italic.otf */ = {isa = PBXFileReference; lastKnownFileType = file; path = "circular-medium-italic.otf"; sourceTree = "<group>"; };
		AB77E96520AFFE2000F4968A /* circular-book-italic.otf */ = {isa = PBXFileReference; lastKnownFileType = file; path = "circular-book-italic.otf"; sourceTree = "<group>"; };
		AB77E96620AFFE2000F4968A /* circular-black.otf */ = {isa = PBXFileReference; lastKnownFileType = file; path = "circular-black.otf"; sourceTree = "<group>"; };
		AB77E96720AFFE2000F4968A /* circular-bold-italic.otf */ = {isa = PBXFileReference; lastKnownFileType = file; path = "circular-bold-italic.otf"; sourceTree = "<group>"; };
		AB77E96820AFFE2000F4968A /* circular-black-italic.otf */ = {isa = PBXFileReference; lastKnownFileType = file; path = "circular-black-italic.otf"; sourceTree = "<group>"; };
		AB77E96920AFFE2100F4968A /* circular-bold.otf */ = {isa = PBXFileReference; lastKnownFileType = file; path = "circular-bold.otf"; sourceTree = "<group>"; };
/* End PBXFileReference section */

/* Begin PBXFrameworksBuildPhase section */
		AB2E933D20A18ECC004835A8 /* Frameworks */ = {
			isa = PBXFrameworksBuildPhase;
			buildActionMask = 2147483647;
			files = (
				AB2E936120A2CBB4004835A8 /* SpotifyAuthentication.framework in Frameworks */,
			);
			runOnlyForDeploymentPostprocessing = 0;
		};
/* End PBXFrameworksBuildPhase section */

/* Begin PBXGroup section */
		AB0D561420B8F296002AD1DD /* Images */ = {
			isa = PBXGroup;
			children = (
				AB38272F20B8F3090006DA8C /* Icons */,
				AB2E935720A1926A004835A8 /* kellie_profile.jpg */,
				AB2E935D20A21989004835A8 /* djmonkey icon.jpg */,
			);
			path = Images;
			sourceTree = "<group>";
		};
		AB2E933720A18ECC004835A8 = {
			isa = PBXGroup;
			children = (
				AB2E934220A18ECC004835A8 /* FinalProject */,
				AB2E934120A18ECC004835A8 /* Products */,
				AB77E97220AFFE2B00F4968A /* Fonts */,
				AB0D561420B8F296002AD1DD /* Images */,
				AB2E935F20A2CBB3004835A8 /* Frameworks */,
			);
			sourceTree = "<group>";
		};
		AB2E934120A18ECC004835A8 /* Products */ = {
			isa = PBXGroup;
			children = (
				AB2E934020A18ECC004835A8 /* FinalProject.app */,
			);
			name = Products;
			sourceTree = "<group>";
		};
		AB2E934220A18ECC004835A8 /* FinalProject */ = {
			isa = PBXGroup;
			children = (
				AB2E934320A18ECC004835A8 /* AppDelegate.swift */,
				AB2E934520A18ECC004835A8 /* ViewController.swift */,
				AB2E934720A18ECC004835A8 /* Main.storyboard */,
				AB2E935520A190DE004835A8 /* ProfileViewController.swift */,
				AB38273C20B90E950006DA8C /* Extensions */,
				AB2E934A20A18ED0004835A8 /* Assets.xcassets */,
				AB2E934C20A18ED0004835A8 /* LaunchScreen.storyboard */,
				AB2E934F20A18ED0004835A8 /* Info.plist */,
			);
			path = FinalProject;
			sourceTree = "<group>";
		};
		AB2E935F20A2CBB3004835A8 /* Frameworks */ = {
			isa = PBXGroup;
			children = (
				AB2E936020A2CBB4004835A8 /* SpotifyAuthentication.framework */,
			);
			name = Frameworks;
			sourceTree = "<group>";
		};
		AB38272F20B8F3090006DA8C /* Icons */ = {
			isa = PBXGroup;
			children = (
				AB38274520B91AF60006DA8C /* chat_transparent.png */,
				AB38274320B919E20006DA8C /* chat_transparent_large.png */,
				AB38274120B917610006DA8C /* home_transparent.png */,
				AB38273D20B9142F0006DA8C /* profile_transparent.png */,
				AB38273E20B9142F0006DA8C /* profile80.png */,
				AB38273620B908680006DA8C /* settings80.png */,
				AB38273020B8F3660006DA8C /* settings.png */,
				AB38273820B909DB0006DA8C /* settings_transparent.png */,
			);
			path = Icons;
			sourceTree = "<group>";
		};
		AB38273C20B90E950006DA8C /* Extensions */ = {
			isa = PBXGroup;
			children = (
				AB38273420B900E30006DA8C /* NavExtension.swift */,
				AB38273A20B90E8E0006DA8C /* ImageViewExtension.swift */,
			);
			path = Extensions;
			sourceTree = "<group>";
		};
		AB77E97220AFFE2B00F4968A /* Fonts */ = {
			isa = PBXGroup;
			children = (
				AB77E96820AFFE2000F4968A /* circular-black-italic.otf */,
				AB77E96620AFFE2000F4968A /* circular-black.otf */,
				AB77E96720AFFE2000F4968A /* circular-bold-italic.otf */,
				AB77E96920AFFE2100F4968A /* circular-bold.otf */,
				AB77E96520AFFE2000F4968A /* circular-book-italic.otf */,
				AB77E96320AFFE1F00F4968A /* circular-book.otf */,
				AB77E96420AFFE1F00F4968A /* circular-medium-italic.otf */,
				AB77E96220AFFE1E00F4968A /* circular-medium.otf */,
			);
			path = Fonts;
			sourceTree = "<group>";
		};
/* End PBXGroup section */

/* Begin PBXNativeTarget section */
		AB2E933F20A18ECC004835A8 /* FinalProject */ = {
			isa = PBXNativeTarget;
			buildConfigurationList = AB2E935220A18ED0004835A8 /* Build configuration list for PBXNativeTarget "FinalProject" */;
			buildPhases = (
				AB2E933C20A18ECC004835A8 /* Sources */,
				AB2E933D20A18ECC004835A8 /* Frameworks */,
				AB2E933E20A18ECC004835A8 /* Resources */,
			);
			buildRules = (
			);
			dependencies = (
			);
			name = FinalProject;
			productName = FinalProject;
			productReference = AB2E934020A18ECC004835A8 /* FinalProject.app */;
			productType = "com.apple.product-type.application";
		};
/* End PBXNativeTarget section */

/* Begin PBXProject section */
		AB2E933820A18ECC004835A8 /* Project object */ = {
			isa = PBXProject;
			attributes = {
				LastSwiftUpdateCheck = 0930;
				LastUpgradeCheck = 0930;
				ORGANIZATIONNAME = "Kellie Banzon";
				TargetAttributes = {
					AB2E933F20A18ECC004835A8 = {
						CreatedOnToolsVersion = 9.3;
					};
				};
			};
			buildConfigurationList = AB2E933B20A18ECC004835A8 /* Build configuration list for PBXProject "FinalProject" */;
			compatibilityVersion = "Xcode 9.3";
			developmentRegion = en;
			hasScannedForEncodings = 0;
			knownRegions = (
				en,
				Base,
			);
			mainGroup = AB2E933720A18ECC004835A8;
			productRefGroup = AB2E934120A18ECC004835A8 /* Products */;
			projectDirPath = "";
			projectRoot = "";
			targets = (
				AB2E933F20A18ECC004835A8 /* FinalProject */,
			);
		};
/* End PBXProject section */

/* Begin PBXResourcesBuildPhase section */
		AB2E933E20A18ECC004835A8 /* Resources */ = {
			isa = PBXResourcesBuildPhase;
			buildActionMask = 2147483647;
			files = (
				AB38274420B919E30006DA8C /* chat_transparent_large.png in Resources */,
				AB38273F20B9142F0006DA8C /* profile_transparent.png in Resources */,
				AB77E96D20AFFE2100F4968A /* circular-book-italic.otf in Resources */,
				AB2E935820A1926A004835A8 /* kellie_profile.jpg in Resources */,
				AB38274020B9142F0006DA8C /* profile80.png in Resources */,
				AB2E935E20A21989004835A8 /* djmonkey icon.jpg in Resources */,
				AB77E96B20AFFE2100F4968A /* circular-book.otf in Resources */,
				AB2E934E20A18ED0004835A8 /* LaunchScreen.storyboard in Resources */,
				AB38274220B917610006DA8C /* home_transparent.png in Resources */,
				AB2E934B20A18ED0004835A8 /* Assets.xcassets in Resources */,
				AB77E97020AFFE2100F4968A /* circular-black-italic.otf in Resources */,
				AB2E934920A18ECC004835A8 /* Main.storyboard in Resources */,
				AB38273120B8F3670006DA8C /* settings.png in Resources */,
				AB38274620B91AF60006DA8C /* chat_transparent.png in Resources */,
				AB77E96A20AFFE2100F4968A /* circular-medium.otf in Resources */,
				AB77E96E20AFFE2100F4968A /* circular-black.otf in Resources */,
				AB77E96F20AFFE2100F4968A /* circular-bold-italic.otf in Resources */,
				AB77E97120AFFE2100F4968A /* circular-bold.otf in Resources */,
				AB38273920B909DB0006DA8C /* settings_transparent.png in Resources */,
				AB77E96C20AFFE2100F4968A /* circular-medium-italic.otf in Resources */,
				AB38273720B908680006DA8C /* settings80.png in Resources */,
			);
			runOnlyForDeploymentPostprocessing = 0;
		};
/* End PBXResourcesBuildPhase section */

/* Begin PBXSourcesBuildPhase section */
		AB2E933C20A18ECC004835A8 /* Sources */ = {
			isa = PBXSourcesBuildPhase;
			buildActionMask = 2147483647;
			files = (
				AB2E935620A190DE004835A8 /* ProfileViewController.swift in Sources */,
				AB2E934620A18ECC004835A8 /* ViewController.swift in Sources */,
				AB38273B20B90E8E0006DA8C /* ImageViewExtension.swift in Sources */,
				AB2E934420A18ECC004835A8 /* AppDelegate.swift in Sources */,
				AB38273520B900E30006DA8C /* NavExtension.swift in Sources */,
			);
			runOnlyForDeploymentPostprocessing = 0;
		};
/* End PBXSourcesBuildPhase section */

/* Begin PBXVariantGroup section */
		AB2E934720A18ECC004835A8 /* Main.storyboard */ = {
			isa = PBXVariantGroup;
			children = (
				AB2E934820A18ECC004835A8 /* Base */,
			);
			name = Main.storyboard;
			sourceTree = "<group>";
		};
		AB2E934C20A18ED0004835A8 /* LaunchScreen.storyboard */ = {
			isa = PBXVariantGroup;
			children = (
				AB2E934D20A18ED0004835A8 /* Base */,
			);
			name = LaunchScreen.storyboard;
			sourceTree = "<group>";
		};
/* End PBXVariantGroup section */

/* Begin XCBuildConfiguration section */
		AB2E935020A18ED0004835A8 /* Debug */ = {
			isa = XCBuildConfiguration;
			buildSettings = {
				ALWAYS_SEARCH_USER_PATHS = NO;
				CLANG_ANALYZER_NONNULL = YES;
				CLANG_ANALYZER_NUMBER_OBJECT_CONVERSION = YES_AGGRESSIVE;
				CLANG_CXX_LANGUAGE_STANDARD = "gnu++14";
				CLANG_CXX_LIBRARY = "libc++";
				CLANG_ENABLE_MODULES = YES;
				CLANG_ENABLE_OBJC_ARC = YES;
				CLANG_ENABLE_OBJC_WEAK = YES;
				CLANG_WARN_BLOCK_CAPTURE_AUTORELEASING = YES;
				CLANG_WARN_BOOL_CONVERSION = YES;
				CLANG_WARN_COMMA = YES;
				CLANG_WARN_CONSTANT_CONVERSION = YES;
				CLANG_WARN_DEPRECATED_OBJC_IMPLEMENTATIONS = YES;
				CLANG_WARN_DIRECT_OBJC_ISA_USAGE = YES_ERROR;
				CLANG_WARN_DOCUMENTATION_COMMENTS = YES;
				CLANG_WARN_EMPTY_BODY = YES;
				CLANG_WARN_ENUM_CONVERSION = YES;
				CLANG_WARN_INFINITE_RECURSION = YES;
				CLANG_WARN_INT_CONVERSION = YES;
				CLANG_WARN_NON_LITERAL_NULL_CONVERSION = YES;
				CLANG_WARN_OBJC_IMPLICIT_RETAIN_SELF = YES;
				CLANG_WARN_OBJC_LITERAL_CONVERSION = YES;
				CLANG_WARN_OBJC_ROOT_CLASS = YES_ERROR;
				CLANG_WARN_RANGE_LOOP_ANALYSIS = YES;
				CLANG_WARN_STRICT_PROTOTYPES = YES;
				CLANG_WARN_SUSPICIOUS_MOVE = YES;
				CLANG_WARN_UNGUARDED_AVAILABILITY = YES_AGGRESSIVE;
				CLANG_WARN_UNREACHABLE_CODE = YES;
				CLANG_WARN__DUPLICATE_METHOD_MATCH = YES;
				CODE_SIGN_IDENTITY = "iPhone Developer";
				COPY_PHASE_STRIP = NO;
				DEBUG_INFORMATION_FORMAT = dwarf;
				ENABLE_STRICT_OBJC_MSGSEND = YES;
				ENABLE_TESTABILITY = YES;
				GCC_C_LANGUAGE_STANDARD = gnu11;
				GCC_DYNAMIC_NO_PIC = NO;
				GCC_NO_COMMON_BLOCKS = YES;
				GCC_OPTIMIZATION_LEVEL = 0;
				GCC_PREPROCESSOR_DEFINITIONS = (
					"DEBUG=1",
					"$(inherited)",
				);
				GCC_WARN_64_TO_32_BIT_CONVERSION = YES;
				GCC_WARN_ABOUT_RETURN_TYPE = YES_ERROR;
				GCC_WARN_UNDECLARED_SELECTOR = YES;
				GCC_WARN_UNINITIALIZED_AUTOS = YES_AGGRESSIVE;
				GCC_WARN_UNUSED_FUNCTION = YES;
				GCC_WARN_UNUSED_VARIABLE = YES;
				IPHONEOS_DEPLOYMENT_TARGET = 11.3;
				MTL_ENABLE_DEBUG_INFO = YES;
				ONLY_ACTIVE_ARCH = YES;
				SDKROOT = iphoneos;
				SWIFT_ACTIVE_COMPILATION_CONDITIONS = DEBUG;
				SWIFT_OPTIMIZATION_LEVEL = "-Onone";
			};
			name = Debug;
		};
		AB2E935120A18ED0004835A8 /* Release */ = {
			isa = XCBuildConfiguration;
			buildSettings = {
				ALWAYS_SEARCH_USER_PATHS = NO;
				CLANG_ANALYZER_NONNULL = YES;
				CLANG_ANALYZER_NUMBER_OBJECT_CONVERSION = YES_AGGRESSIVE;
				CLANG_CXX_LANGUAGE_STANDARD = "gnu++14";
				CLANG_CXX_LIBRARY = "libc++";
				CLANG_ENABLE_MODULES = YES;
				CLANG_ENABLE_OBJC_ARC = YES;
				CLANG_ENABLE_OBJC_WEAK = YES;
				CLANG_WARN_BLOCK_CAPTURE_AUTORELEASING = YES;
				CLANG_WARN_BOOL_CONVERSION = YES;
				CLANG_WARN_COMMA = YES;
				CLANG_WARN_CONSTANT_CONVERSION = YES;
				CLANG_WARN_DEPRECATED_OBJC_IMPLEMENTATIONS = YES;
				CLANG_WARN_DIRECT_OBJC_ISA_USAGE = YES_ERROR;
				CLANG_WARN_DOCUMENTATION_COMMENTS = YES;
				CLANG_WARN_EMPTY_BODY = YES;
				CLANG_WARN_ENUM_CONVERSION = YES;
				CLANG_WARN_INFINITE_RECURSION = YES;
				CLANG_WARN_INT_CONVERSION = YES;
				CLANG_WARN_NON_LITERAL_NULL_CONVERSION = YES;
				CLANG_WARN_OBJC_IMPLICIT_RETAIN_SELF = YES;
				CLANG_WARN_OBJC_LITERAL_CONVERSION = YES;
				CLANG_WARN_OBJC_ROOT_CLASS = YES_ERROR;
				CLANG_WARN_RANGE_LOOP_ANALYSIS = YES;
				CLANG_WARN_STRICT_PROTOTYPES = YES;
				CLANG_WARN_SUSPICIOUS_MOVE = YES;
				CLANG_WARN_UNGUARDED_AVAILABILITY = YES_AGGRESSIVE;
				CLANG_WARN_UNREACHABLE_CODE = YES;
				CLANG_WARN__DUPLICATE_METHOD_MATCH = YES;
				CODE_SIGN_IDENTITY = "iPhone Developer";
				COPY_PHASE_STRIP = NO;
				DEBUG_INFORMATION_FORMAT = "dwarf-with-dsym";
				ENABLE_NS_ASSERTIONS = NO;
				ENABLE_STRICT_OBJC_MSGSEND = YES;
				GCC_C_LANGUAGE_STANDARD = gnu11;
				GCC_NO_COMMON_BLOCKS = YES;
				GCC_WARN_64_TO_32_BIT_CONVERSION = YES;
				GCC_WARN_ABOUT_RETURN_TYPE = YES_ERROR;
				GCC_WARN_UNDECLARED_SELECTOR = YES;
				GCC_WARN_UNINITIALIZED_AUTOS = YES_AGGRESSIVE;
				GCC_WARN_UNUSED_FUNCTION = YES;
				GCC_WARN_UNUSED_VARIABLE = YES;
				IPHONEOS_DEPLOYMENT_TARGET = 11.3;
				MTL_ENABLE_DEBUG_INFO = NO;
				SDKROOT = iphoneos;
				SWIFT_COMPILATION_MODE = wholemodule;
				SWIFT_OPTIMIZATION_LEVEL = "-O";
				VALIDATE_PRODUCT = YES;
			};
			name = Release;
		};
		AB2E935320A18ED0004835A8 /* Debug */ = {
			isa = XCBuildConfiguration;
			buildSettings = {
				ASSETCATALOG_COMPILER_APPICON_NAME = AppIcon;
				CODE_SIGN_STYLE = Automatic;
				FRAMEWORK_SEARCH_PATHS = (
					"$(inherited)",
					"$(PROJECT_DIR)/FinalProject",
					"$(PROJECT_DIR)",
				);
				INFOPLIST_FILE = FinalProject/Info.plist;
				LD_RUNPATH_SEARCH_PATHS = (
					"$(inherited)",
					"@executable_path/Frameworks",
				);
				PRODUCT_BUNDLE_IDENTIFIER = edu.calpoly.kmbanzon.FinalProject;
				PRODUCT_NAME = "$(TARGET_NAME)";
				SWIFT_VERSION = 4.0;
				TARGETED_DEVICE_FAMILY = "1,2";
			};
			name = Debug;
		};
		AB2E935420A18ED0004835A8 /* Release */ = {
			isa = XCBuildConfiguration;
			buildSettings = {
				ASSETCATALOG_COMPILER_APPICON_NAME = AppIcon;
				CODE_SIGN_STYLE = Automatic;
				FRAMEWORK_SEARCH_PATHS = (
					"$(inherited)",
					"$(PROJECT_DIR)/FinalProject",
					"$(PROJECT_DIR)",
				);
				INFOPLIST_FILE = FinalProject/Info.plist;
				LD_RUNPATH_SEARCH_PATHS = (
					"$(inherited)",
					"@executable_path/Frameworks",
				);
				PRODUCT_BUNDLE_IDENTIFIER = edu.calpoly.kmbanzon.FinalProject;
				PRODUCT_NAME = "$(TARGET_NAME)";
				SWIFT_VERSION = 4.0;
				TARGETED_DEVICE_FAMILY = "1,2";
			};
			name = Release;
		};
/* End XCBuildConfiguration section */

/* Begin XCConfigurationList section */
		AB2E933B20A18ECC004835A8 /* Build configuration list for PBXProject "FinalProject" */ = {
			isa = XCConfigurationList;
			buildConfigurations = (
				AB2E935020A18ED0004835A8 /* Debug */,
				AB2E935120A18ED0004835A8 /* Release */,
			);
			defaultConfigurationIsVisible = 0;
			defaultConfigurationName = Release;
		};
		AB2E935220A18ED0004835A8 /* Build configuration list for PBXNativeTarget "FinalProject" */ = {
			isa = XCConfigurationList;
			buildConfigurations = (
				AB2E935320A18ED0004835A8 /* Debug */,
				AB2E935420A18ED0004835A8 /* Release */,
			);
			defaultConfigurationIsVisible = 0;
			defaultConfigurationName = Release;
		};
/* End XCConfigurationList section */
	};
	rootObject = AB2E933820A18ECC004835A8 /* Project object */;
}
